
Microsoft Visual Studio Solution File, Format Version 12.00
# Visual Studio Version 16
VisualStudioVersion = 16.0.30804.86
MinimumVisualStudioVersion = 10.0.40219.1
Project("{FAE04EC0-301F-11D3-BF4B-00C04F79EFBC}") = "Draft502", "Draft502\Draft502.csproj", "{AFF96A3C-F829-4504-9331-5A859DB87E1D}"
EndProject
Project("{FAE04EC0-301F-11D3-BF4B-00C04F79EFBC}") = "Draft502_Tests", "Draft502_Tests\Draft502_Tests.csproj", "{A1954B1E-4416-48E4-A6DF-725E552C3DB4}"
EndProject
Global
	GlobalSection(SolutionConfigurationPlatforms) = preSolution
		Debug|Any CPU = Debug|Any CPU
		Release|Any CPU = Release|Any CPU
	EndGlobalSection
	GlobalSection(ProjectConfigurationPlatforms) = postSolution
		{AFF96A3C-F829-4504-9331-5A859DB87E1D}.Debug|Any CPU.ActiveCfg = Debug|Any CPU
		{AFF96A3C-F829-4504-9331-5A859DB87E1D}.Debug|Any CPU.Build.0 = Debug|Any CPU
		{AFF96A3C-F829-4504-9331-5A859DB87E1D}.Release|Any CPU.ActiveCfg = Release|Any CPU
		{AFF96A3C-F829-4504-9331-5A859DB87E1D}.Release|Any CPU.Build.0 = Release|Any CPU
		{A1954B1E-4416-48E4-A6DF-725E552C3DB4}.Debug|Any CPU.ActiveCfg = Debug|Any CPU
		{A1954B1E-4416-48E4-A6DF-725E552C3DB4}.Debug|Any CPU.Build.0 = Debug|Any CPU
		{A1954B1E-4416-48E4-A6DF-725E552C3DB4}.Release|Any CPU.ActiveCfg = Release|Any CPU
		{A1954B1E-4416-48E4-A6DF-725E552C3DB4}.Release|Any CPU.Build.0 = Release|Any CPU
	EndGlobalSection
	GlobalSection(SolutionProperties) = preSolution
		HideSolutionNode = FALSE
	EndGlobalSection
	GlobalSection(ExtensibilityGlobals) = postSolution
		SolutionGuid = {E4CA7B64-273A-48A6-9FAE-B16B31C563B9}
	EndGlobalSection
EndGlobal
